
Microsoft Visual Studio Solution File, Format Version 12.00
# Visual Studio Version 17
VisualStudioVersion = 17.0.31903.59
MinimumVisualStudioVersion = 10.0.40219.1
Project("{FAE04EC0-301F-11D3-BF4B-00C04F79EFBC}") = "AOCDay1", "AOCDay1\AOCDay1.csproj", "{EBE897DF-354C-4FA1-BB18-75E59EAC19C1}"
EndProject
Project("{FAE04EC0-301F-11D3-BF4B-00C04F79EFBC}") = "AOCDay2", "AOCDay2\AOCDay2.csproj", "{C8624318-DC38-45DC-A867-01499EC4585C}"
EndProject
Project("{FAE04EC0-301F-11D3-BF4B-00C04F79EFBC}") = "AOCDay3", "AOCDay3\AOCDay3.csproj", "{FDCAD011-013E-42F3-838A-D30A5295709A}"
EndProject
Project("{FAE04EC0-301F-11D3-BF4B-00C04F79EFBC}") = "AOCDay4", "AOCDay4\AOCDay4.csproj", "{49F77DDA-8618-4357-BC6D-55B9DA223E26}"
EndProject
Global
	GlobalSection(SolutionConfigurationPlatforms) = preSolution
		Debug|Any CPU = Debug|Any CPU
		Release|Any CPU = Release|Any CPU
	EndGlobalSection
	GlobalSection(SolutionProperties) = preSolution
		HideSolutionNode = FALSE
	EndGlobalSection
	GlobalSection(ProjectConfigurationPlatforms) = postSolution
		{EBE897DF-354C-4FA1-BB18-75E59EAC19C1}.Debug|Any CPU.ActiveCfg = Debug|Any CPU
		{EBE897DF-354C-4FA1-BB18-75E59EAC19C1}.Debug|Any CPU.Build.0 = Debug|Any CPU
		{EBE897DF-354C-4FA1-BB18-75E59EAC19C1}.Release|Any CPU.ActiveCfg = Release|Any CPU
		{EBE897DF-354C-4FA1-BB18-75E59EAC19C1}.Release|Any CPU.Build.0 = Release|Any CPU
		{C8624318-DC38-45DC-A867-01499EC4585C}.Debug|Any CPU.ActiveCfg = Debug|Any CPU
		{C8624318-DC38-45DC-A867-01499EC4585C}.Debug|Any CPU.Build.0 = Debug|Any CPU
		{C8624318-DC38-45DC-A867-01499EC4585C}.Release|Any CPU.ActiveCfg = Release|Any CPU
		{C8624318-DC38-45DC-A867-01499EC4585C}.Release|Any CPU.Build.0 = Release|Any CPU
		{FDCAD011-013E-42F3-838A-D30A5295709A}.Debug|Any CPU.ActiveCfg = Debug|Any CPU
		{FDCAD011-013E-42F3-838A-D30A5295709A}.Debug|Any CPU.Build.0 = Debug|Any CPU
		{FDCAD011-013E-42F3-838A-D30A5295709A}.Release|Any CPU.ActiveCfg = Release|Any CPU
		{FDCAD011-013E-42F3-838A-D30A5295709A}.Release|Any CPU.Build.0 = Release|Any CPU
		{49F77DDA-8618-4357-BC6D-55B9DA223E26}.Debug|Any CPU.ActiveCfg = Debug|Any CPU
		{49F77DDA-8618-4357-BC6D-55B9DA223E26}.Debug|Any CPU.Build.0 = Debug|Any CPU
		{49F77DDA-8618-4357-BC6D-55B9DA223E26}.Release|Any CPU.ActiveCfg = Release|Any CPU
		{49F77DDA-8618-4357-BC6D-55B9DA223E26}.Release|Any CPU.Build.0 = Release|Any CPU
	EndGlobalSection
EndGlobal
